
Microsoft Visual Studio Solution File, Format Version 12.00
# Visual Studio Version 17
VisualStudioVersion = 17.4.33103.184
MinimumVisualStudioVersion = 10.0.40219.1
Project("{FAE04EC0-301F-11D3-BF4B-00C04F79EFBC}") = "Dinosaur.SqlServerToMySql", "Dinosaur.SqlServerToMySql\Dinosaur.SqlServerToMySql.csproj", "{441DAA08-998D-4AB8-8C00-16C07D1AE503}"
EndProject
Global
	GlobalSection(SolutionConfigurationPlatforms) = preSolution
		Debug|Any CPU = Debug|Any CPU
		Release|Any CPU = Release|Any CPU
	EndGlobalSection
	GlobalSection(ProjectConfigurationPlatforms) = postSolution
		{441DAA08-998D-4AB8-8C00-16C07D1AE503}.Debug|Any CPU.ActiveCfg = Debug|Any CPU
		{441DAA08-998D-4AB8-8C00-16C07D1AE503}.Debug|Any CPU.Build.0 = Debug|Any CPU
		{441DAA08-998D-4AB8-8C00-16C07D1AE503}.Release|Any CPU.ActiveCfg = Release|Any CPU
		{441DAA08-998D-4AB8-8C00-16C07D1AE503}.Release|Any CPU.Build.0 = Release|Any CPU
	EndGlobalSection
	GlobalSection(SolutionProperties) = preSolution
		HideSolutionNode = FALSE
	EndGlobalSection
	GlobalSection(ExtensibilityGlobals) = postSolution
		SolutionGuid = {7E54357A-7D57-432F-9E13-EF04F0711E84}
	EndGlobalSection
EndGlobal
