
Microsoft Visual Studio Solution File, Format Version 12.00
# Visual Studio Version 17
VisualStudioVersion = 17.4.33103.184
MinimumVisualStudioVersion = 10.0.40219.1
Project("{9A19103F-16F7-4668-BE54-9A1E7A4F7556}") = "Dinosaur.Practice", "Dinosaur.Practice\Dinosaur.Practice.csproj", "{C97DFA9B-7784-4920-A663-E5827C2FBA29}"
EndProject
Project("{9A19103F-16F7-4668-BE54-9A1E7A4F7556}") = "Dinosaur.Distributed", "Dinosaur.Distributed\Dinosaur.Distributed.csproj", "{A6E73BFC-9A7E-4B5B-9B4E-DE74674D2EBD}"
EndProject
Global
	GlobalSection(SolutionConfigurationPlatforms) = preSolution
		Debug|Any CPU = Debug|Any CPU
		Release|Any CPU = Release|Any CPU
	EndGlobalSection
	GlobalSection(ProjectConfigurationPlatforms) = postSolution
		{C97DFA9B-7784-4920-A663-E5827C2FBA29}.Debug|Any CPU.ActiveCfg = Debug|Any CPU
		{C97DFA9B-7784-4920-A663-E5827C2FBA29}.Debug|Any CPU.Build.0 = Debug|Any CPU
		{C97DFA9B-7784-4920-A663-E5827C2FBA29}.Release|Any CPU.ActiveCfg = Release|Any CPU
		{C97DFA9B-7784-4920-A663-E5827C2FBA29}.Release|Any CPU.Build.0 = Release|Any CPU
		{A6E73BFC-9A7E-4B5B-9B4E-DE74674D2EBD}.Debug|Any CPU.ActiveCfg = Debug|Any CPU
		{A6E73BFC-9A7E-4B5B-9B4E-DE74674D2EBD}.Debug|Any CPU.Build.0 = Debug|Any CPU
		{A6E73BFC-9A7E-4B5B-9B4E-DE74674D2EBD}.Release|Any CPU.ActiveCfg = Release|Any CPU
		{A6E73BFC-9A7E-4B5B-9B4E-DE74674D2EBD}.Release|Any CPU.Build.0 = Release|Any CPU
	EndGlobalSection
	GlobalSection(SolutionProperties) = preSolution
		HideSolutionNode = FALSE
	EndGlobalSection
	GlobalSection(ExtensibilityGlobals) = postSolution
		SolutionGuid = {8B55A1DD-C2E6-4005-86FF-DD04591DAC3F}
	EndGlobalSection
EndGlobal
